// !$*UTF8*$!
{
	archiveVersion = 1;
	classes = {
	};
	objectVersion = 50;
	objects = {

/* Begin PBXBuildFile section */
		AA36919D2530C8E3000EA1FD /* AppDelegate.swift in Sources */ = {isa = PBXBuildFile; fileRef = AA36919C2530C8E3000EA1FD /* AppDelegate.swift */; };
		AA36919F2530C8E3000EA1FD /* SceneDelegate.swift in Sources */ = {isa = PBXBuildFile; fileRef = AA36919E2530C8E3000EA1FD /* SceneDelegate.swift */; };
		AA3691A12530C8E3000EA1FD /* ContentView.swift in Sources */ = {isa = PBXBuildFile; fileRef = AA3691A02530C8E3000EA1FD /* ContentView.swift */; };
		AA3691A32530C8E5000EA1FD /* Assets.xcassets in Resources */ = {isa = PBXBuildFile; fileRef = AA3691A22530C8E5000EA1FD /* Assets.xcassets */; };
		AA3691A62530C8E5000EA1FD /* Preview Assets.xcassets in Resources */ = {isa = PBXBuildFile; fileRef = AA3691A52530C8E5000EA1FD /* Preview Assets.xcassets */; };
		AA3691A92530C8E5000EA1FD /* LaunchScreen.storyboard in Resources */ = {isa = PBXBuildFile; fileRef = AA3691A72530C8E5000EA1FD /* LaunchScreen.storyboard */; };
		AA3691B32530C905000EA1FD /* page.swift in Sources */ = {isa = PBXBuildFile; fileRef = AA3691B22530C905000EA1FD /* page.swift */; };
		AA3691B52530CAFD000EA1FD /* connection.swift in Sources */ = {isa = PBXBuildFile; fileRef = AA3691B42530CAFD000EA1FD /* connection.swift */; };
/* End PBXBuildFile section */

/* Begin PBXFileReference section */
		AA3691992530C8E3000EA1FD /* Anteo AI.app */ = {isa = PBXFileReference; explicitFileType = wrapper.application; includeInIndex = 0; path = "Anteo AI.app"; sourceTree = BUILT_PRODUCTS_DIR; };
		AA36919C2530C8E3000EA1FD /* AppDelegate.swift */ = {isa = PBXFileReference; lastKnownFileType = sourcecode.swift; path = AppDelegate.swift; sourceTree = "<group>"; };
		AA36919E2530C8E3000EA1FD /* SceneDelegate.swift */ = {isa = PBXFileReference; lastKnownFileType = sourcecode.swift; path = SceneDelegate.swift; sourceTree = "<group>"; };
		AA3691A02530C8E3000EA1FD /* ContentView.swift */ = {isa = PBXFileReference; lastKnownFileType = sourcecode.swift; path = ContentView.swift; sourceTree = "<group>"; };
		AA3691A22530C8E5000EA1FD /* Assets.xcassets */ = {isa = PBXFileReference; lastKnownFileType = folder.assetcatalog; path = Assets.xcassets; sourceTree = "<group>"; };
		AA3691A52530C8E5000EA1FD /* Preview Assets.xcassets */ = {isa = PBXFileReference; lastKnownFileType = folder.assetcatalog; path = "Preview Assets.xcassets"; sourceTree = "<group>"; };
		AA3691A82530C8E5000EA1FD /* Base */ = {isa = PBXFileReference; lastKnownFileType = file.storyboard; name = Base; path = Base.lproj/LaunchScreen.storyboard; sourceTree = "<group>"; };
		AA3691AA2530C8E5000EA1FD /* Info.plist */ = {isa = PBXFileReference; lastKnownFileType = text.plist.xml; path = Info.plist; sourceTree = "<group>"; };
		AA3691B22530C905000EA1FD /* page.swift */ = {isa = PBXFileReference; lastKnownFileType = sourcecode.swift; path = page.swift; sourceTree = "<group>"; };
		AA3691B42530CAFD000EA1FD /* connection.swift */ = {isa = PBXFileReference; lastKnownFileType = sourcecode.swift; path = connection.swift; sourceTree = "<group>"; };
/* End PBXFileReference section */

/* Begin PBXFrameworksBuildPhase section */
		AA3691962530C8E3000EA1FD /* Frameworks */ = {
			isa = PBXFrameworksBuildPhase;
			buildActionMask = 2147483647;
			files = (
			);
			runOnlyForDeploymentPostprocessing = 0;
		};
/* End PBXFrameworksBuildPhase section */

/* Begin PBXGroup section */
		AA3691902530C8E3000EA1FD = {
			isa = PBXGroup;
			children = (
				AA36919B2530C8E3000EA1FD /* Anteo AI */,
				AA36919A2530C8E3000EA1FD /* Products */,
			);
			sourceTree = "<group>";
		};
		AA36919A2530C8E3000EA1FD /* Products */ = {
			isa = PBXGroup;
			children = (
				AA3691992530C8E3000EA1FD /* Anteo AI.app */,
			);
			name = Products;
			sourceTree = "<group>";
		};
		AA36919B2530C8E3000EA1FD /* Anteo AI */ = {
			isa = PBXGroup;
			children = (
				AA36919C2530C8E3000EA1FD /* AppDelegate.swift */,
				AA36919E2530C8E3000EA1FD /* SceneDelegate.swift */,
				AA3691A02530C8E3000EA1FD /* ContentView.swift */,
				AA3691A22530C8E5000EA1FD /* Assets.xcassets */,
				AA3691B22530C905000EA1FD /* page.swift */,
				AA3691B42530CAFD000EA1FD /* connection.swift */,
				AA3691A72530C8E5000EA1FD /* LaunchScreen.storyboard */,
				AA3691AA2530C8E5000EA1FD /* Info.plist */,
				AA3691A42530C8E5000EA1FD /* Preview Content */,
			);
			path = "Anteo AI";
			sourceTree = "<group>";
		};
		AA3691A42530C8E5000EA1FD /* Preview Content */ = {
			isa = PBXGroup;
			children = (
				AA3691A52530C8E5000EA1FD /* Preview Assets.xcassets */,
			);
			path = "Preview Content";
			sourceTree = "<group>";
		};
/* End PBXGroup section */

/* Begin PBXNativeTarget section */
		AA3691982530C8E3000EA1FD /* Anteo AI */ = {
			isa = PBXNativeTarget;
			buildConfigurationList = AA3691AD2530C8E5000EA1FD /* Build configuration list for PBXNativeTarget "Anteo AI" */;
			buildPhases = (
				AA3691952530C8E3000EA1FD /* Sources */,
				AA3691962530C8E3000EA1FD /* Frameworks */,
				AA3691972530C8E3000EA1FD /* Resources */,
			);
			buildRules = (
			);
			dependencies = (
			);
			name = "Anteo AI";
			productName = display;
			productReference = AA3691992530C8E3000EA1FD /* Anteo AI.app */;
			productType = "com.apple.product-type.application";
		};
/* End PBXNativeTarget section */

/* Begin PBXProject section */
		AA3691912530C8E3000EA1FD /* Project object */ = {
			isa = PBXProject;
			attributes = {
				LastSwiftUpdateCheck = 1170;
				LastUpgradeCheck = 1300;
				ORGANIZATIONNAME = "Mehmet Karaaslan";
				TargetAttributes = {
					AA3691982530C8E3000EA1FD = {
						CreatedOnToolsVersion = 11.7;
					};
				};
			};
			buildConfigurationList = AA3691942530C8E3000EA1FD /* Build configuration list for PBXProject "Anteo AI" */;
			compatibilityVersion = "Xcode 9.3";
			developmentRegion = en;
			hasScannedForEncodings = 0;
			knownRegions = (
				en,
				Base,
			);
			mainGroup = AA3691902530C8E3000EA1FD;
			productRefGroup = AA36919A2530C8E3000EA1FD /* Products */;
			projectDirPath = "";
			projectRoot = "";
			targets = (
				AA3691982530C8E3000EA1FD /* Anteo AI */,
			);
		};
/* End PBXProject section */

/* Begin PBXResourcesBuildPhase section */
		AA3691972530C8E3000EA1FD /* Resources */ = {
			isa = PBXResourcesBuildPhase;
			buildActionMask = 2147483647;
			files = (
				AA3691A92530C8E5000EA1FD /* LaunchScreen.storyboard in Resources */,
				AA3691A62530C8E5000EA1FD /* Preview Assets.xcassets in Resources */,
				AA3691A32530C8E5000EA1FD /* Assets.xcassets in Resources */,
			);
			runOnlyForDeploymentPostprocessing = 0;
		};
/* End PBXResourcesBuildPhase section */

/* Begin PBXSourcesBuildPhase section */
		AA3691952530C8E3000EA1FD /* Sources */ = {
			isa = PBXSourcesBuildPhase;
			buildActionMask = 2147483647;
			files = (
				AA36919D2530C8E3000EA1FD /* AppDelegate.swift in Sources */,
				AA36919F2530C8E3000EA1FD /* SceneDelegate.swift in Sources */,
				AA3691B52530CAFD000EA1FD /* connection.swift in Sources */,
				AA3691B32530C905000EA1FD /* page.swift in Sources */,
				AA3691A12530C8E3000EA1FD /* ContentView.swift in Sources */,
			);
			runOnlyForDeploymentPostprocessing = 0;
		};
/* End PBXSourcesBuildPhase section */

/* Begin PBXVariantGroup section */
		AA3691A72530C8E5000EA1FD /* LaunchScreen.storyboard */ = {
			isa = PBXVariantGroup;
			children = (
				AA3691A82530C8E5000EA1FD /* Base */,
			);
			name = LaunchScreen.storyboard;
			sourceTree = "<group>";
		};
/* End PBXVariantGroup section */

/* Begin XCBuildConfiguration section */
		AA3691AB2530C8E5000EA1FD /* Debug */ = {
			isa = XCBuildConfiguration;
			buildSettings = {
				ALWAYS_SEARCH_USER_PATHS = NO;
				CLANG_ANALYZER_NONNULL = YES;
				CLANG_ANALYZER_NUMBER_OBJECT_CONVERSION = YES_AGGRESSIVE;
				CLANG_CXX_LANGUAGE_STANDARD = "gnu++14";
				CLANG_CXX_LIBRARY = "libc++";
				CLANG_ENABLE_MODULES = YES;
				CLANG_ENABLE_OBJC_ARC = YES;
				CLANG_ENABLE_OBJC_WEAK = YES;
				CLANG_WARN_BLOCK_CAPTURE_AUTORELEASING = YES;
				CLANG_WARN_BOOL_CONVERSION = YES;
				CLANG_WARN_COMMA = YES;
				CLANG_WARN_CONSTANT_CONVERSION = YES;
				CLANG_WARN_DEPRECATED_OBJC_IMPLEMENTATIONS = YES;
				CLANG_WARN_DIRECT_OBJC_ISA_USAGE = YES_ERROR;
				CLANG_WARN_DOCUMENTATION_COMMENTS = YES;
				CLANG_WARN_EMPTY_BODY = YES;
				CLANG_WARN_ENUM_CONVERSION = YES;
				CLANG_WARN_INFINITE_RECURSION = YES;
				CLANG_WARN_INT_CONVERSION = YES;
				CLANG_WARN_NON_LITERAL_NULL_CONVERSION = YES;
				CLANG_WARN_OBJC_IMPLICIT_RETAIN_SELF = YES;
				CLANG_WARN_OBJC_LITERAL_CONVERSION = YES;
				CLANG_WARN_OBJC_ROOT_CLASS = YES_ERROR;
				CLANG_WARN_QUOTED_INCLUDE_IN_FRAMEWORK_HEADER = YES;
				CLANG_WARN_RANGE_LOOP_ANALYSIS = YES;
				CLANG_WARN_STRICT_PROTOTYPES = YES;
				CLANG_WARN_SUSPICIOUS_MOVE = YES;
				CLANG_WARN_UNGUARDED_AVAILABILITY = YES_AGGRESSIVE;
				CLANG_WARN_UNREACHABLE_CODE = YES;
				CLANG_WARN__DUPLICATE_METHOD_MATCH = YES;
				COPY_PHASE_STRIP = NO;
				DEBUG_INFORMATION_FORMAT = dwarf;
				ENABLE_STRICT_OBJC_MSGSEND = YES;
				ENABLE_TESTABILITY = YES;
				GCC_C_LANGUAGE_STANDARD = gnu11;
				GCC_DYNAMIC_NO_PIC = NO;
				GCC_NO_COMMON_BLOCKS = YES;
				GCC_OPTIMIZATION_LEVEL = 0;
				GCC_PREPROCESSOR_DEFINITIONS = (
					"DEBUG=1",
					"$(inherited)",
				);
				GCC_WARN_64_TO_32_BIT_CONVERSION = YES;
				GCC_WARN_ABOUT_RETURN_TYPE = YES_ERROR;
				GCC_WARN_UNDECLARED_SELECTOR = YES;
				GCC_WARN_UNINITIALIZED_AUTOS = YES_AGGRESSIVE;
				GCC_WARN_UNUSED_FUNCTION = YES;
				GCC_WARN_UNUSED_VARIABLE = YES;
				IPHONEOS_DEPLOYMENT_TARGET = 13.6;
				MTL_ENABLE_DEBUG_INFO = INCLUDE_SOURCE;
				MTL_FAST_MATH = YES;
				ONLY_ACTIVE_ARCH = YES;
				SDKROOT = iphoneos;
				SWIFT_ACTIVE_COMPILATION_CONDITIONS = DEBUG;
				SWIFT_OPTIMIZATION_LEVEL = "-Onone";
			};
			name = Debug;
		};
		AA3691AC2530C8E5000EA1FD /* Release */ = {
			isa = XCBuildConfiguration;
			buildSettings = {
				ALWAYS_SEARCH_USER_PATHS = NO;
				CLANG_ANALYZER_NONNULL = YES;
				CLANG_ANALYZER_NUMBER_OBJECT_CONVERSION = YES_AGGRESSIVE;
				CLANG_CXX_LANGUAGE_STANDARD = "gnu++14";
				CLANG_CXX_LIBRARY = "libc++";
				CLANG_ENABLE_MODULES = YES;
				CLANG_ENABLE_OBJC_ARC = YES;
				CLANG_ENABLE_OBJC_WEAK = YES;
				CLANG_WARN_BLOCK_CAPTURE_AUTORELEASING = YES;
				CLANG_WARN_BOOL_CONVERSION = YES;
				CLANG_WARN_COMMA = YES;
				CLANG_WARN_CONSTANT_CONVERSION = YES;
				CLANG_WARN_DEPRECATED_OBJC_IMPLEMENTATIONS = YES;
				CLANG_WARN_DIRECT_OBJC_ISA_USAGE = YES_ERROR;
				CLANG_WARN_DOCUMENTATION_COMMENTS = YES;
				CLANG_WARN_EMPTY_BODY = YES;
				CLANG_WARN_ENUM_CONVERSION = YES;
				CLANG_WARN_INFINITE_RECURSION = YES;
				CLANG_WARN_INT_CONVERSION = YES;
				CLANG_WARN_NON_LITERAL_NULL_CONVERSION = YES;
				CLANG_WARN_OBJC_IMPLICIT_RETAIN_SELF = YES;
				CLANG_WARN_OBJC_LITERAL_CONVERSION = YES;
				CLANG_WARN_OBJC_ROOT_CLASS = YES_ERROR;
				CLANG_WARN_QUOTED_INCLUDE_IN_FRAMEWORK_HEADER = YES;
				CLANG_WARN_RANGE_LOOP_ANALYSIS = YES;
				CLANG_WARN_STRICT_PROTOTYPES = YES;
				CLANG_WARN_SUSPICIOUS_MOVE = YES;
				CLANG_WARN_UNGUARDED_AVAILABILITY = YES_AGGRESSIVE;
				CLANG_WARN_UNREACHABLE_CODE = YES;
				CLANG_WARN__DUPLICATE_METHOD_MATCH = YES;
				COPY_PHASE_STRIP = NO;
				DEBUG_INFORMATION_FORMAT = "dwarf-with-dsym";
				ENABLE_NS_ASSERTIONS = NO;
				ENABLE_STRICT_OBJC_MSGSEND = YES;
				GCC_C_LANGUAGE_STANDARD = gnu11;
				GCC_NO_COMMON_BLOCKS = YES;
				GCC_WARN_64_TO_32_BIT_CONVERSION = YES;
				GCC_WARN_ABOUT_RETURN_TYPE = YES_ERROR;
				GCC_WARN_UNDECLARED_SELECTOR = YES;
				GCC_WARN_UNINITIALIZED_AUTOS = YES_AGGRESSIVE;
				GCC_WARN_UNUSED_FUNCTION = YES;
				GCC_WARN_UNUSED_VARIABLE = YES;
				IPHONEOS_DEPLOYMENT_TARGET = 13.6;
				MTL_ENABLE_DEBUG_INFO = NO;
				MTL_FAST_MATH = YES;
				SDKROOT = iphoneos;
				SWIFT_COMPILATION_MODE = wholemodule;
				SWIFT_OPTIMIZATION_LEVEL = "-O";
				VALIDATE_PRODUCT = YES;
			};
			name = Release;
		};
		AA3691AE2530C8E5000EA1FD /* Debug */ = {
			isa = XCBuildConfiguration;
			buildSettings = {
				ASSETCATALOG_COMPILER_APPICON_NAME = AppIcon;
				CODE_SIGN_IDENTITY = "Apple Development";
				CODE_SIGN_STYLE = Automatic;
				DEVELOPMENT_ASSET_PATHS = "\"Anteo AI/Preview Content\"";
				DEVELOPMENT_TEAM = 8FMG3EUX4X;
				ENABLE_PREVIEWS = YES;
				INFOPLIST_FILE = "Anteo AI/Info.plist";
				IPHONEOS_DEPLOYMENT_TARGET = 13.6;
				LD_RUNPATH_SEARCH_PATHS = (
					"$(inherited)",
					"@executable_path/Frameworks",
				);
				PRODUCT_BUNDLE_IDENTIFIER = "MrKaraaslan.AntenoAI-team";
				PRODUCT_NAME = "$(TARGET_NAME)";
				PROVISIONING_PROFILE_SPECIFIER = "";
				SWIFT_VERSION = 5.0;
				TARGETED_DEVICE_FAMILY = "1,2";
			};
			name = Debug;
		};
		AA3691AF2530C8E5000EA1FD /* Release */ = {
			isa = XCBuildConfiguration;
			buildSettings = {
				ASSETCATALOG_COMPILER_APPICON_NAME = AppIcon;
				CODE_SIGN_IDENTITY = "Apple Development";
				CODE_SIGN_STYLE = Automatic;
				DEVELOPMENT_ASSET_PATHS = "\"Anteo AI/Preview Content\"";
				DEVELOPMENT_TEAM = 8FMG3EUX4X;
				ENABLE_PREVIEWS = YES;
				INFOPLIST_FILE = "Anteo AI/Info.plist";
				IPHONEOS_DEPLOYMENT_TARGET = 13.6;
				LD_RUNPATH_SEARCH_PATHS = (
					"$(inherited)",
					"@executable_path/Frameworks",
				);
				PRODUCT_BUNDLE_IDENTIFIER = "MrKaraaslan.AntenoAI-team";
				PRODUCT_NAME = "$(TARGET_NAME)";
				PROVISIONING_PROFILE_SPECIFIER = "";
				SWIFT_VERSION = 5.0;
				TARGETED_DEVICE_FAMILY = "1,2";
			};
			name = Release;
		};
/* End XCBuildConfiguration section */

/* Begin XCConfigurationList section */
		AA3691942530C8E3000EA1FD /* Build configuration list for PBXProject "Anteo AI" */ = {
			isa = XCConfigurationList;
			buildConfigurations = (
				AA3691AB2530C8E5000EA1FD /* Debug */,
				AA3691AC2530C8E5000EA1FD /* Release */,
			);
			defaultConfigurationIsVisible = 0;
			defaultConfigurationName = Release;
		};
		AA3691AD2530C8E5000EA1FD /* Build configuration list for PBXNativeTarget "Anteo AI" */ = {
			isa = XCConfigurationList;
			buildConfigurations = (
				AA3691AE2530C8E5000EA1FD /* Debug */,
				AA3691AF2530C8E5000EA1FD /* Release */,
			);
			defaultConfigurationIsVisible = 0;
			defaultConfigurationName = Release;
		};
/* End XCConfigurationList section */
	};
	rootObject = AA3691912530C8E3000EA1FD /* Project object */;
}
